imprint-local==3.1.2 \
    --hash=sha256:4b566cb496350ade4134331eb5072d2e5ac5dc37f168e335c7cc2a07bf4c65a7
cryptography==48.0.1 \
    --hash=sha256:39489bfca54c7a1f6b297efcd8bc608ab92d16c4ca631b0cad4da46724588b24 \
    --hash=sha256:9a49ca6c81417f6a5edb50375a60cccdd70fa0a91a5211829dbea74eba94d2ac
rfc8785==0.1.4 \
    --hash=sha256:520d690b448ecf0703691c76e1a34a24ddcd4fc5bc41d589cb7c58ec651bcd48
cffi==2.0.0 \
    --hash=sha256:19f705ada2530c1167abacb171925dd886168931e0a7b78f5bffcae5c6b5be75 \
    --hash=sha256:203a48d1fb583fc7d78a4c6655692963b860a417c0528492a6bc21f1aaefab25 \
    --hash=sha256:66f011380d0e49ed280c789fbd08ff0d40968ee7b665575489afa95c98196ab5 \
    --hash=sha256:b18a3ed7d5b3bd8d9ef7a8cb226502c6bf8308df1525e1cc676c3680e7176739 \
    --hash=sha256:da68248800ad6320861f129cd9c1bf96ca849a2771a59e0344e88681905916f5
pycparser==3.0 \
    --hash=sha256:b727414169a36b7d524c1c3e31839a521725078d7b2ff038656844266160a992
typing-extensions==4.16.0; python_version == "3.10" \
    --hash=sha256:481caa481374e813c1b176ada14e97f1f67a4539ce9cfeb3f350d78d6370c2e8
