imprint-local==3.1.2 \
    --hash=sha256:37aa8c823c18dbc29c9e6be0907f73fe11c1a723a0b09e16d40c688bc627b463
cryptography==48.0.1 \
    --hash=sha256:32143b24adb918f078134e1e230f1eb8cc04886b92c28b5f0041aaf3e5699225 \
    --hash=sha256:48fe40804d4caa2288f24e70ca8c64c42dd826da0ad7e4f1b41b2128d679e6c8 \
    --hash=sha256:86be3b1b0b6bf09482fb50a979c508d2950ed95f5621ec77f4e385962006b83a \
    --hash=sha256:f0d27a5696721ef7a672b8c810f6aded391058e0b9486e63e6d93baf765da691
rfc8785==0.1.4 \
    --hash=sha256:520d690b448ecf0703691c76e1a34a24ddcd4fc5bc41d589cb7c58ec651bcd48
cffi==2.0.0 \
    --hash=sha256:24b6f81f1983e6df8db3adc38562c83f7d4a0c36162885ec7f7b77c7dcbec97b \
    --hash=sha256:3e17ed538242334bf70832644a32a7aae3d83b57567f9fd60a26257e992b79ba \
    --hash=sha256:3e837e369566884707ddaf85fc1744b47575005c0a229de3327f8f9a20f4efeb \
    --hash=sha256:730cacb21e1bdff3ce90babf007d0a0917cc3e6492f336c2f0134101e0944f93 \
    --hash=sha256:8941aaadaf67246224cee8c3803777eed332a19d909b47e29c9842ef1e79ac26 \
    --hash=sha256:afb8db5439b81cf9c9d0c80404b60c3cc9c3add93e114dcae767f1477cb53775 \
    --hash=sha256:b21e08af67b8a103c71a250401c78d5e0893beff75e28c53c98f4de42f774062 \
    --hash=sha256:c8d3b5532fc71b7a77c09192b4a5a200ea992702734a2e9279a37f2478236f26 \
    --hash=sha256:d48a880098c96020b02d5a1f7d9251308510ce8858940e6fa99ece33f610838b \
    --hash=sha256:fc7de24befaeae77ba923797c7c87834c73648a05a4bde34b3b7e5588973a453
pycparser==3.0 \
    --hash=sha256:b727414169a36b7d524c1c3e31839a521725078d7b2ff038656844266160a992
typing-extensions==4.16.0; python_version == "3.10" \
    --hash=sha256:481caa481374e813c1b176ada14e97f1f67a4539ce9cfeb3f350d78d6370c2e8
