imprint-local==3.1.2 \
    --hash=sha256:37aa8c823c18dbc29c9e6be0907f73fe11c1a723a0b09e16d40c688bc627b463
cryptography==48.0.1 \
    --hash=sha256:3e4a1a3232eef2e6c732827d5722db29a0cc8b27af2a4d865b094cf954be9ca1 \
    --hash=sha256:4fdc69f8e4316bcf0c8c8ec1f26f285d12e8142d88d96c876a59a03be3f6ae67
rfc8785==0.1.4 \
    --hash=sha256:520d690b448ecf0703691c76e1a34a24ddcd4fc5bc41d589cb7c58ec651bcd48
cffi==2.0.0 \
    --hash=sha256:00bdf7acc5f795150faa6957054fbbca2439db2f775ce831222b66f192f03beb \
    --hash=sha256:0cf2d91ecc3fcc0625c2c530fe004f82c110405f101548512cce44322fa8ac44 \
    --hash=sha256:2de9a304e27f7596cd03d16f1b7c72219bd944e99cc52b84d0145aefb07cbd3c \
    --hash=sha256:45d5e886156860dc35862657e1494b9bae8dfa63bf56796f2fb56e1679fc0bca \
    --hash=sha256:6d02d6655b0e54f54c4ef0b94eb6be0607b70853c45ce98bd278dc7de718be5d \
    --hash=sha256:8eca2a813c1cb7ad4fb74d368c2ffbbb4789d377ee5bb8df98373c2cc0dee76c \
    --hash=sha256:b4c854ef3adc177950a8dfc81a86f5115d2abd545751a304c5bcf2c2c7283cfe \
    --hash=sha256:c654de545946e0db659b3400168c9ad31b5d29593291482c43e3564effbcee13 \
    --hash=sha256:f73b96c41e3b2adedc34a7356e64c8eb96e03a3782b535e043a986276ce12a49 \
    --hash=sha256:fc33c5141b55ed366cfaad382df24fe7dcbc686de5be719b207bb248e3053dc5
pycparser==3.0 \
    --hash=sha256:b727414169a36b7d524c1c3e31839a521725078d7b2ff038656844266160a992
typing-extensions==4.16.0; python_version == "3.10" \
    --hash=sha256:481caa481374e813c1b176ada14e97f1f67a4539ce9cfeb3f350d78d6370c2e8
